
Microsoft Visual Studio Solution File, Format Version 12.00
# Visual Studio Version 17
VisualStudioVersion = 17.8.34309.116
MinimumVisualStudioVersion = 10.0.40219.1
Project("{9A19103F-16F7-4668-BE54-9A1E7A4F7556}") = "CashManager.Consumer.Infrastructure", "CashManager.Consumer\CashManager.Consumer.Infrastructure\CashManager.Consumer.Infrastructure.csproj", "{6BAD4BF2-9E79-4D42-B305-49127C34BDE1}"
EndProject
Project("{9A19103F-16F7-4668-BE54-9A1E7A4F7556}") = "CashManager.Consumer.Domain", "CashManager.Consumer\CashManager.Consumer.Domain\CashManager.Consumer.Domain.csproj", "{6C0DE552-9D21-43B9-8B8F-83147BA09EAC}"
EndProject
Project("{9A19103F-16F7-4668-BE54-9A1E7A4F7556}") = "CashManager.Consumer.Application", "CashManager.Consumer\CashManager.Consumer.Application\CashManager.Consumer.Application.csproj", "{C671F953-5398-4161-B5B1-15CF98D1E85F}"
EndProject
Project("{9A19103F-16F7-4668-BE54-9A1E7A4F7556}") = "CashManager.Consumer.Api", "CashManager.Consumer\CashManager.Consumer.Api\CashManager.Consumer.Api.csproj", "{B2BA5BD9-2F1A-4BC0-AEF9-016FCEB67902}"
EndProject
Project("{9A19103F-16F7-4668-BE54-9A1E7A4F7556}") = "CashManager.Consumer.Test", "CashManager.Consumer\CashManager.Consumer.Test\CashManager.Consumer.Test.csproj", "{4CCE7718-9CE1-456F-839B-466D6D64B23C}"
EndProject
Global
	GlobalSection(SolutionConfigurationPlatforms) = preSolution
		Debug|Any CPU = Debug|Any CPU
		Release|Any CPU = Release|Any CPU
	EndGlobalSection
	GlobalSection(ProjectConfigurationPlatforms) = postSolution
		{6BAD4BF2-9E79-4D42-B305-49127C34BDE1}.Debug|Any CPU.ActiveCfg = Debug|Any CPU
		{6BAD4BF2-9E79-4D42-B305-49127C34BDE1}.Debug|Any CPU.Build.0 = Debug|Any CPU
		{6BAD4BF2-9E79-4D42-B305-49127C34BDE1}.Release|Any CPU.ActiveCfg = Release|Any CPU
		{6BAD4BF2-9E79-4D42-B305-49127C34BDE1}.Release|Any CPU.Build.0 = Release|Any CPU
		{6C0DE552-9D21-43B9-8B8F-83147BA09EAC}.Debug|Any CPU.ActiveCfg = Debug|Any CPU
		{6C0DE552-9D21-43B9-8B8F-83147BA09EAC}.Debug|Any CPU.Build.0 = Debug|Any CPU
		{6C0DE552-9D21-43B9-8B8F-83147BA09EAC}.Release|Any CPU.ActiveCfg = Release|Any CPU
		{6C0DE552-9D21-43B9-8B8F-83147BA09EAC}.Release|Any CPU.Build.0 = Release|Any CPU
		{C671F953-5398-4161-B5B1-15CF98D1E85F}.Debug|Any CPU.ActiveCfg = Debug|Any CPU
		{C671F953-5398-4161-B5B1-15CF98D1E85F}.Debug|Any CPU.Build.0 = Debug|Any CPU
		{C671F953-5398-4161-B5B1-15CF98D1E85F}.Release|Any CPU.ActiveCfg = Release|Any CPU
		{C671F953-5398-4161-B5B1-15CF98D1E85F}.Release|Any CPU.Build.0 = Release|Any CPU
		{B2BA5BD9-2F1A-4BC0-AEF9-016FCEB67902}.Debug|Any CPU.ActiveCfg = Debug|Any CPU
		{B2BA5BD9-2F1A-4BC0-AEF9-016FCEB67902}.Debug|Any CPU.Build.0 = Debug|Any CPU
		{B2BA5BD9-2F1A-4BC0-AEF9-016FCEB67902}.Release|Any CPU.ActiveCfg = Release|Any CPU
		{B2BA5BD9-2F1A-4BC0-AEF9-016FCEB67902}.Release|Any CPU.Build.0 = Release|Any CPU
		{4CCE7718-9CE1-456F-839B-466D6D64B23C}.Debug|Any CPU.ActiveCfg = Debug|Any CPU
		{4CCE7718-9CE1-456F-839B-466D6D64B23C}.Debug|Any CPU.Build.0 = Debug|Any CPU
		{4CCE7718-9CE1-456F-839B-466D6D64B23C}.Release|Any CPU.ActiveCfg = Release|Any CPU
		{4CCE7718-9CE1-456F-839B-466D6D64B23C}.Release|Any CPU.Build.0 = Release|Any CPU
	EndGlobalSection
	GlobalSection(SolutionProperties) = preSolution
		HideSolutionNode = FALSE
	EndGlobalSection
	GlobalSection(ExtensibilityGlobals) = postSolution
		SolutionGuid = {6E3C15D8-8CCD-4ED1-B5D8-3F23A8A172A5}
	EndGlobalSection
EndGlobal
